
Microsoft Visual Studio Solution File, Format Version 12.00
# Visual Studio 15
VisualStudioVersion = 15.0.27703.2035
MinimumVisualStudioVersion = 10.0.40219.1
Project("{FAE04EC0-301F-11D3-BF4B-00C04F79EFBC}") = "LibraryMangement", "LibraryMangement\LibraryMangement.csproj", "{F97C51AA-D0D2-4E6D-9D4C-A01223D8C42A}"
EndProject
Global
	GlobalSection(SolutionConfigurationPlatforms) = preSolution
		Debug|Any CPU = Debug|Any CPU
		Release|Any CPU = Release|Any CPU
	EndGlobalSection
	GlobalSection(ProjectConfigurationPlatforms) = postSolution
		{F97C51AA-D0D2-4E6D-9D4C-A01223D8C42A}.Debug|Any CPU.ActiveCfg = Debug|Any CPU
		{F97C51AA-D0D2-4E6D-9D4C-A01223D8C42A}.Debug|Any CPU.Build.0 = Debug|Any CPU
		{F97C51AA-D0D2-4E6D-9D4C-A01223D8C42A}.Release|Any CPU.ActiveCfg = Release|Any CPU
		{F97C51AA-D0D2-4E6D-9D4C-A01223D8C42A}.Release|Any CPU.Build.0 = Release|Any CPU
	EndGlobalSection
	GlobalSection(SolutionProperties) = preSolution
		HideSolutionNode = FALSE
	EndGlobalSection
	GlobalSection(ExtensibilityGlobals) = postSolution
		SolutionGuid = {E37717B3-E73E-4B85-B0CB-BC901DE68FEE}
	EndGlobalSection
EndGlobal
